
Microsoft Visual Studio Solution File, Format Version 12.00
# Visual Studio Version 17
VisualStudioVersion = 17.14.36717.8 d17.14
MinimumVisualStudioVersion = 10.0.40219.1
Project("{FAE04EC0-301F-11D3-BF4B-00C04F79EFBC}") = "zad1", "zad1\zad1.csproj", "{938F1BEF-085F-434D-B571-247DF0757593}"
EndProject
Global
	GlobalSection(SolutionConfigurationPlatforms) = preSolution
		Debug|Any CPU = Debug|Any CPU
		Release|Any CPU = Release|Any CPU
	EndGlobalSection
	GlobalSection(ProjectConfigurationPlatforms) = postSolution
		{938F1BEF-085F-434D-B571-247DF0757593}.Debug|Any CPU.ActiveCfg = Debug|Any CPU
		{938F1BEF-085F-434D-B571-247DF0757593}.Debug|Any CPU.Build.0 = Debug|Any CPU
		{938F1BEF-085F-434D-B571-247DF0757593}.Release|Any CPU.ActiveCfg = Release|Any CPU
		{938F1BEF-085F-434D-B571-247DF0757593}.Release|Any CPU.Build.0 = Release|Any CPU
	EndGlobalSection
	GlobalSection(SolutionProperties) = preSolution
		HideSolutionNode = FALSE
	EndGlobalSection
	GlobalSection(ExtensibilityGlobals) = postSolution
		SolutionGuid = {5AEF4424-FC25-4FC2-A0A4-55E09E3BB512}
	EndGlobalSection
EndGlobal
